
Microsoft Visual Studio Solution File, Format Version 12.00
# Visual Studio Version 16
VisualStudioVersion = 16.0.32510.428
MinimumVisualStudioVersion = 10.0.40219.1
Project("{FAE04EC0-301F-11D3-BF4B-00C04F79EFBC}") = "LabBigSchool_NguyenCongMinh", "LabBigSchool_NguyenCongMinh\LabBigSchool_NguyenCongMinh.csproj", "{14A5157A-6F3B-4AC3-B486-7DB1AFCCA5D8}"
EndProject
Global
	GlobalSection(SolutionConfigurationPlatforms) = preSolution
		Debug|Any CPU = Debug|Any CPU
		Release|Any CPU = Release|Any CPU
	EndGlobalSection
	GlobalSection(ProjectConfigurationPlatforms) = postSolution
		{14A5157A-6F3B-4AC3-B486-7DB1AFCCA5D8}.Debug|Any CPU.ActiveCfg = Debug|Any CPU
		{14A5157A-6F3B-4AC3-B486-7DB1AFCCA5D8}.Debug|Any CPU.Build.0 = Debug|Any CPU
		{14A5157A-6F3B-4AC3-B486-7DB1AFCCA5D8}.Release|Any CPU.ActiveCfg = Release|Any CPU
		{14A5157A-6F3B-4AC3-B486-7DB1AFCCA5D8}.Release|Any CPU.Build.0 = Release|Any CPU
	EndGlobalSection
	GlobalSection(SolutionProperties) = preSolution
		HideSolutionNode = FALSE
	EndGlobalSection
	GlobalSection(ExtensibilityGlobals) = postSolution
		SolutionGuid = {F680611E-C5E0-4493-AA9B-9DE5ECB987E4}
	EndGlobalSection
EndGlobal
